
Microsoft Visual Studio Solution File, Format Version 12.00
Project("{FAE04EC0-301F-11D3-BF4B-00C04F79EFBC}") = "TicketTgBot", "TicketTgBot\TicketTgBot.csproj", "{819F5650-2434-4E5C-B492-63ED0FDD9EA1}"
EndProject
Global
	GlobalSection(SolutionConfigurationPlatforms) = preSolution
		Debug|Any CPU = Debug|Any CPU
		Release|Any CPU = Release|Any CPU
	EndGlobalSection
	GlobalSection(ProjectConfigurationPlatforms) = postSolution
		{819F5650-2434-4E5C-B492-63ED0FDD9EA1}.Debug|Any CPU.ActiveCfg = Debug|Any CPU
		{819F5650-2434-4E5C-B492-63ED0FDD9EA1}.Debug|Any CPU.Build.0 = Debug|Any CPU
		{819F5650-2434-4E5C-B492-63ED0FDD9EA1}.Release|Any CPU.ActiveCfg = Release|Any CPU
		{819F5650-2434-4E5C-B492-63ED0FDD9EA1}.Release|Any CPU.Build.0 = Release|Any CPU
	EndGlobalSection
EndGlobal
